
Microsoft Visual Studio Solution File, Format Version 12.00
# Visual Studio Version 17
VisualStudioVersion = 17.6.33829.357
MinimumVisualStudioVersion = 10.0.40219.1
Project("{FAE04EC0-301F-11D3-BF4B-00C04F79EFBC}") = "Exercicio3-SO-Threads", "Exercicio3-SO-Threads.csproj", "{6596A604-2926-4DC6-B714-689CE2FBD683}"
EndProject
Global
	GlobalSection(SolutionConfigurationPlatforms) = preSolution
		Debug|Any CPU = Debug|Any CPU
		Release|Any CPU = Release|Any CPU
	EndGlobalSection
	GlobalSection(ProjectConfigurationPlatforms) = postSolution
		{6596A604-2926-4DC6-B714-689CE2FBD683}.Debug|Any CPU.ActiveCfg = Debug|Any CPU
		{6596A604-2926-4DC6-B714-689CE2FBD683}.Debug|Any CPU.Build.0 = Debug|Any CPU
		{6596A604-2926-4DC6-B714-689CE2FBD683}.Release|Any CPU.ActiveCfg = Release|Any CPU
		{6596A604-2926-4DC6-B714-689CE2FBD683}.Release|Any CPU.Build.0 = Release|Any CPU
	EndGlobalSection
	GlobalSection(SolutionProperties) = preSolution
		HideSolutionNode = FALSE
	EndGlobalSection
	GlobalSection(ExtensibilityGlobals) = postSolution
		SolutionGuid = {2643D4A7-BB70-4327-8460-B1DD07E5BECA}
	EndGlobalSection
EndGlobal
